
Microsoft Visual Studio Solution File, Format Version 12.00
# Visual Studio Version 17
VisualStudioVersion = 17.10.34607.79
MinimumVisualStudioVersion = 10.0.40219.1
Project("{2150E333-8FDC-42A3-9474-1A3956D46DE8}") = "Services", "Services", "{EC9AC652-F268-47BD-A231-92CE7E817C47}"
EndProject
Project("{9A19103F-16F7-4668-BE54-9A1E7A4F7556}") = "MicroserviceDemo.CatalogApi", "MicroserviceDemo.CatalogApi\MicroserviceDemo.CatalogApi.csproj", "{C25D6C0A-74E2-4CCA-8E9D-095C7EF540F6}"
EndProject
Project("{2150E333-8FDC-42A3-9474-1A3956D46DE8}") = "Solution Items", "Solution Items", "{A0704203-B4B3-4A33-9301-33C1F918A31F}"
	ProjectSection(SolutionItems) = preProject
		.editorconfig = .editorconfig
	EndProjectSection
EndProject
Project("{9A19103F-16F7-4668-BE54-9A1E7A4F7556}") = "MicroserviceDemo.BasketApi", "MicroserviceDemo.BasketApi\MicroserviceDemo.BasketApi.csproj", "{ED052F47-871A-4FEA-9CD7-10E110999B69}"
EndProject
Project("{9A19103F-16F7-4668-BE54-9A1E7A4F7556}") = "MicroserviceDemo.DiscountApi", "MicroserviceDemo.DiscountApi\MicroserviceDemo.DiscountApi.csproj", "{A3ED1764-D552-41C4-AB3E-A4705B95D123}"
EndProject
Project("{FAE04EC0-301F-11D3-BF4B-00C04F79EFBC}") = "MicroserviceDemo.DiscountgRPC", "MicroserviceDemo.DiscountgRPC\MicroserviceDemo.DiscountgRPC.csproj", "{0C246D5E-B2BD-40B3-B192-311DE46481ED}"
EndProject
Global
	GlobalSection(SolutionConfigurationPlatforms) = preSolution
		Debug|Any CPU = Debug|Any CPU
		Release|Any CPU = Release|Any CPU
	EndGlobalSection
	GlobalSection(ProjectConfigurationPlatforms) = postSolution
		{C25D6C0A-74E2-4CCA-8E9D-095C7EF540F6}.Debug|Any CPU.ActiveCfg = Debug|Any CPU
		{C25D6C0A-74E2-4CCA-8E9D-095C7EF540F6}.Debug|Any CPU.Build.0 = Debug|Any CPU
		{C25D6C0A-74E2-4CCA-8E9D-095C7EF540F6}.Release|Any CPU.ActiveCfg = Release|Any CPU
		{C25D6C0A-74E2-4CCA-8E9D-095C7EF540F6}.Release|Any CPU.Build.0 = Release|Any CPU
		{ED052F47-871A-4FEA-9CD7-10E110999B69}.Debug|Any CPU.ActiveCfg = Debug|Any CPU
		{ED052F47-871A-4FEA-9CD7-10E110999B69}.Debug|Any CPU.Build.0 = Debug|Any CPU
		{ED052F47-871A-4FEA-9CD7-10E110999B69}.Release|Any CPU.ActiveCfg = Release|Any CPU
		{ED052F47-871A-4FEA-9CD7-10E110999B69}.Release|Any CPU.Build.0 = Release|Any CPU
		{A3ED1764-D552-41C4-AB3E-A4705B95D123}.Debug|Any CPU.ActiveCfg = Debug|Any CPU
		{A3ED1764-D552-41C4-AB3E-A4705B95D123}.Debug|Any CPU.Build.0 = Debug|Any CPU
		{A3ED1764-D552-41C4-AB3E-A4705B95D123}.Release|Any CPU.ActiveCfg = Release|Any CPU
		{A3ED1764-D552-41C4-AB3E-A4705B95D123}.Release|Any CPU.Build.0 = Release|Any CPU
		{0C246D5E-B2BD-40B3-B192-311DE46481ED}.Debug|Any CPU.ActiveCfg = Debug|Any CPU
		{0C246D5E-B2BD-40B3-B192-311DE46481ED}.Debug|Any CPU.Build.0 = Debug|Any CPU
		{0C246D5E-B2BD-40B3-B192-311DE46481ED}.Release|Any CPU.ActiveCfg = Release|Any CPU
		{0C246D5E-B2BD-40B3-B192-311DE46481ED}.Release|Any CPU.Build.0 = Release|Any CPU
	EndGlobalSection
	GlobalSection(SolutionProperties) = preSolution
		HideSolutionNode = FALSE
	EndGlobalSection
	GlobalSection(NestedProjects) = preSolution
		{C25D6C0A-74E2-4CCA-8E9D-095C7EF540F6} = {EC9AC652-F268-47BD-A231-92CE7E817C47}
		{ED052F47-871A-4FEA-9CD7-10E110999B69} = {EC9AC652-F268-47BD-A231-92CE7E817C47}
		{A3ED1764-D552-41C4-AB3E-A4705B95D123} = {EC9AC652-F268-47BD-A231-92CE7E817C47}
		{0C246D5E-B2BD-40B3-B192-311DE46481ED} = {EC9AC652-F268-47BD-A231-92CE7E817C47}
	EndGlobalSection
	GlobalSection(ExtensibilityGlobals) = postSolution
		SolutionGuid = {559B9FEE-6786-4DF7-A789-691369C35ECA}
	EndGlobalSection
EndGlobal
